
Microsoft Visual Studio Solution File, Format Version 12.00
# Visual Studio Version 16
VisualStudioVersion = 16.0.31702.278
MinimumVisualStudioVersion = 10.0.40219.1
Project("{FAE04EC0-301F-11D3-BF4B-00C04F79EFBC}") = "ExcelExport", "ExcelExport\ExcelExport.csproj", "{CC79D650-4D19-40B4-965E-BA225DF047AF}"
EndProject
Global
	GlobalSection(SolutionConfigurationPlatforms) = preSolution
		Debug|Any CPU = Debug|Any CPU
		Release|Any CPU = Release|Any CPU
	EndGlobalSection
	GlobalSection(ProjectConfigurationPlatforms) = postSolution
		{CC79D650-4D19-40B4-965E-BA225DF047AF}.Debug|Any CPU.ActiveCfg = Debug|Any CPU
		{CC79D650-4D19-40B4-965E-BA225DF047AF}.Debug|Any CPU.Build.0 = Debug|Any CPU
		{CC79D650-4D19-40B4-965E-BA225DF047AF}.Release|Any CPU.ActiveCfg = Release|Any CPU
		{CC79D650-4D19-40B4-965E-BA225DF047AF}.Release|Any CPU.Build.0 = Release|Any CPU
	EndGlobalSection
	GlobalSection(SolutionProperties) = preSolution
		HideSolutionNode = FALSE
	EndGlobalSection
	GlobalSection(ExtensibilityGlobals) = postSolution
		SolutionGuid = {6A9C0CBE-91AF-41D5-8BAB-94AEA2FD98E6}
	EndGlobalSection
EndGlobal
