
Microsoft Visual Studio Solution File, Format Version 12.00
# Visual Studio Version 16
VisualStudioVersion = 16.0.31702.278
MinimumVisualStudioVersion = 10.0.40219.1
Project("{FAE04EC0-301F-11D3-BF4B-00C04F79EFBC}") = "MNBSoup", "MNBSoup\MNBSoup.csproj", "{B8630E6E-75B6-47CA-BF63-B749966BB08C}"
EndProject
Global
	GlobalSection(SolutionConfigurationPlatforms) = preSolution
		Debug|Any CPU = Debug|Any CPU
		Release|Any CPU = Release|Any CPU
	EndGlobalSection
	GlobalSection(ProjectConfigurationPlatforms) = postSolution
		{B8630E6E-75B6-47CA-BF63-B749966BB08C}.Debug|Any CPU.ActiveCfg = Debug|Any CPU
		{B8630E6E-75B6-47CA-BF63-B749966BB08C}.Debug|Any CPU.Build.0 = Debug|Any CPU
		{B8630E6E-75B6-47CA-BF63-B749966BB08C}.Release|Any CPU.ActiveCfg = Release|Any CPU
		{B8630E6E-75B6-47CA-BF63-B749966BB08C}.Release|Any CPU.Build.0 = Release|Any CPU
	EndGlobalSection
	GlobalSection(SolutionProperties) = preSolution
		HideSolutionNode = FALSE
	EndGlobalSection
	GlobalSection(ExtensibilityGlobals) = postSolution
		SolutionGuid = {EC8F1916-F706-457C-AEBC-6F3F917A162E}
	EndGlobalSection
EndGlobal
